{
  "name": "malta-mocha",
  "version": "1.0.8",
  "lockfileVersion": 1,
  "requires": true,
  "dependencies": {
    "malta": {
      "version": "3.8.3",
      "resolved": "https://registry.npmjs.org/malta/-/malta-3.8.3.tgz",
      "integrity": "sha512-HfyJfXe9EvQx8U/uRvaHV7TvPxZ8iBKVYagZsuDC2G7CI+7gJTSgcY+ZGbNUgA3DBfUJSWUt+3t6YvQp9c3bQA=="
    }
  }
}
